<?xml version="1.0" encoding="utf-8"?>
<Project ToolsVersion="4.0" xmlns="http://schemas.microsoft.com/developer/msbuild/2003">
  <ItemGroup>
    <Filter Include="Source Files">
      <UniqueIdentifier>{4FC737F1-C7A5-4376-A066-2A32D752A2FF}</UniqueIdentifier>
      <Extensions>cpp;c;cc;cxx;c++;cppm;ixx;def;odl;idl;hpj;bat;asm;asmx</Extensions>
    </Filter>
    <Filter Include="Header Files">
      <UniqueIdentifier>{93995380-89BD-4b04-88EB-625FBE52EBFB}</UniqueIdentifier>
      <Extensions>h;hh;hpp;hxx;h++;hm;inl;inc;ipp;xsd</Extensions>
    </Filter>
    <Filter Include="Resource Files">
      <UniqueIdentifier>{67DA6AB6-F800-4c08-8B7A-83BB121AAD01}</UniqueIdentifier>
      <Extensions>rc;ico;cur;bmp;dlg;rc2;rct;bin;rgs;gif;jpg;jpeg;jpe;resx;tiff;tif;png;wav;mfcribbon-ms</Extensions>
    </Filter>
    <Filter Include="Source Files\src">
      <UniqueIdentifier>{c4c34ee4-3728-4110-8282-b15343896207}</UniqueIdentifier>
    </Filter>
    <Filter Include="Source Files\src\d1">
      <UniqueIdentifier>{6a8eb6ca-1578-47b0-b5db-12680746f19e}</UniqueIdentifier>
    </Filter>
    <Filter Include="Header Files\src">
      <UniqueIdentifier>{f794ad5f-6ef8-40d0-9bee-1b0579b0f9a8}</UniqueIdentifier>
    </Filter>
    <Filter Include="Header Files\src\d1">
      <UniqueIdentifier>{1a2f1103-fd64-4ecc-8d41-965a607ceb95}</UniqueIdentifier>
    </Filter>
    <Filter Include="Header Files\src\d2">
      <UniqueIdentifier>{c7222acb-051d-4942-bc00-060fc0d6ca68}</UniqueIdentifier>
    </Filter>
    <Filter Include="Source Files\src\d2">
      <UniqueIdentifier>{f14750a7-d2fa-46b3-92f1-756e361cdb5e}</UniqueIdentifier>
    </Filter>
    <Filter Include="Header Files\src\d3">
      <UniqueIdentifier>{0098fcda-9746-4781-b21c-19b8efcca9a0}</UniqueIdentifier>
    </Filter>
    <Filter Include="Source Files\src\d3">
      <UniqueIdentifier>{7775d44c-f48b-4fbc-a729-8a386694246d}</UniqueIdentifier>
    </Filter>
  </ItemGroup>
  <ItemGroup>
    <ClCompile Include="AoC2024.cpp">
      <Filter>Source Files</Filter>
    </ClCompile>
    <ClCompile Include="src\common.cpp">
      <Filter>Source Files\src</Filter>
    </ClCompile>
    <ClCompile Include="src\d1\d1.cpp">
      <Filter>Source Files\src\d1</Filter>
    </ClCompile>
    <ClCompile Include="src\d2\d2.cpp">
      <Filter>Source Files\src\d2</Filter>
    </ClCompile>
    <ClCompile Include="src\d3\d3.cpp">
      <Filter>Source Files\src\d3</Filter>
    </ClCompile>
  </ItemGroup>
  <ItemGroup>
    <ClInclude Include="src\common.h">
      <Filter>Header Files\src</Filter>
    </ClInclude>
    <ClInclude Include="src\d1\d1.h">
      <Filter>Header Files\src\d1</Filter>
    </ClInclude>
    <ClInclude Include="src\d2\d2.h">
      <Filter>Header Files\src\d2</Filter>
    </ClInclude>
    <ClInclude Include="src\d3\d3.h">
      <Filter>Header Files\src\d3</Filter>
    </ClInclude>
  </ItemGroup>
</Project>